
Microsoft Visual Studio Solution File, Format Version 12.00
# Visual Studio Version 16
VisualStudioVersion = 16.0.31911.196
MinimumVisualStudioVersion = 10.0.40219.1
Project("{FAE04EC0-301F-11D3-BF4B-00C04F79EFBC}") = "ApICrud_UsingRelationship", "ApICrud_UsingRelationship.csproj", "{CAC88919-E3FD-458C-86C7-62A5A07179FB}"
EndProject
Global
	GlobalSection(SolutionConfigurationPlatforms) = preSolution
		Debug|Any CPU = Debug|Any CPU
		Release|Any CPU = Release|Any CPU
	EndGlobalSection
	GlobalSection(ProjectConfigurationPlatforms) = postSolution
		{CAC88919-E3FD-458C-86C7-62A5A07179FB}.Debug|Any CPU.ActiveCfg = Debug|Any CPU
		{CAC88919-E3FD-458C-86C7-62A5A07179FB}.Debug|Any CPU.Build.0 = Debug|Any CPU
		{CAC88919-E3FD-458C-86C7-62A5A07179FB}.Release|Any CPU.ActiveCfg = Release|Any CPU
		{CAC88919-E3FD-458C-86C7-62A5A07179FB}.Release|Any CPU.Build.0 = Release|Any CPU
	EndGlobalSection
	GlobalSection(SolutionProperties) = preSolution
		HideSolutionNode = FALSE
	EndGlobalSection
	GlobalSection(ExtensibilityGlobals) = postSolution
		SolutionGuid = {CDA9D27A-1C7F-4BE9-9F93-048CEBBAD957}
	EndGlobalSection
EndGlobal
